// !$*UTF8*$!
{
	archiveVersion = 1;
	classes = {
	};
	objectVersion = 56;
	objects = {

/* Begin PBXBuildFile section */
		33DB891F2E262E6400DC1C15 /* growAGardenApp.swift in Sources */ = {isa = PBXBuildFile; fileRef = 33DB891E2E262E6400DC1C15 /* growAGardenApp.swift */; };
		33DB89212E262E6400DC1C15 /* ContentView.swift in Sources */ = {isa = PBXBuildFile; fileRef = 33DB89202E262E6400DC1C15 /* ContentView.swift */; };
		33DB89232E262E6400DC1C15 /* Item.swift in Sources */ = {isa = PBXBuildFile; fileRef = 33DB89222E262E6400DC1C15 /* Item.swift */; };
		33DB89252E262E6800DC1C15 /* Assets.xcassets in Resources */ = {isa = PBXBuildFile; fileRef = 33DB89242E262E6800DC1C15 /* Assets.xcassets */; };
		33DB89282E262E6800DC1C15 /* Preview Assets.xcassets in Resources */ = {isa = PBXBuildFile; fileRef = 33DB89272E262E6800DC1C15 /* Preview Assets.xcassets */; };
		33DB89322E262E6800DC1C15 /* growAGardenTests.swift in Sources */ = {isa = PBXBuildFile; fileRef = 33DB89312E262E6800DC1C15 /* growAGardenTests.swift */; };
		33DB893C2E262E6800DC1C15 /* growAGardenUITests.swift in Sources */ = {isa = PBXBuildFile; fileRef = 33DB893B2E262E6800DC1C15 /* growAGardenUITests.swift */; };
		33DB893E2E262E6800DC1C15 /* growAGardenUITestsLaunchTests.swift in Sources */ = {isa = PBXBuildFile; fileRef = 33DB893D2E262E6800DC1C15 /* growAGardenUITestsLaunchTests.swift */; };
/* End PBXBuildFile section */

/* Begin PBXContainerItemProxy section */
		33DB892E2E262E6800DC1C15 /* PBXContainerItemProxy */ = {
			isa = PBXContainerItemProxy;
			containerPortal = 33DB89132E262E6400DC1C15 /* Project object */;
			proxyType = 1;
			remoteGlobalIDString = 33DB891A2E262E6400DC1C15;
			remoteInfo = growAGarden;
		};
		33DB89382E262E6800DC1C15 /* PBXContainerItemProxy */ = {
			isa = PBXContainerItemProxy;
			containerPortal = 33DB89132E262E6400DC1C15 /* Project object */;
			proxyType = 1;
			remoteGlobalIDString = 33DB891A2E262E6400DC1C15;
			remoteInfo = growAGarden;
		};
/* End PBXContainerItemProxy section */

/* Begin PBXFileReference section */
		33DB891B2E262E6400DC1C15 /* growAGarden.app */ = {isa = PBXFileReference; explicitFileType = wrapper.application; includeInIndex = 0; path = growAGarden.app; sourceTree = BUILT_PRODUCTS_DIR; };
		33DB891E2E262E6400DC1C15 /* growAGardenApp.swift */ = {isa = PBXFileReference; lastKnownFileType = sourcecode.swift; path = growAGardenApp.swift; sourceTree = "<group>"; };
		33DB89202E262E6400DC1C15 /* ContentView.swift */ = {isa = PBXFileReference; lastKnownFileType = sourcecode.swift; path = ContentView.swift; sourceTree = "<group>"; };
		33DB89222E262E6400DC1C15 /* Item.swift */ = {isa = PBXFileReference; lastKnownFileType = sourcecode.swift; path = Item.swift; sourceTree = "<group>"; };
		33DB89242E262E6800DC1C15 /* Assets.xcassets */ = {isa = PBXFileReference; lastKnownFileType = folder.assetcatalog; path = Assets.xcassets; sourceTree = "<group>"; };
		33DB89272E262E6800DC1C15 /* Preview Assets.xcassets */ = {isa = PBXFileReference; lastKnownFileType = folder.assetcatalog; path = "Preview Assets.xcassets"; sourceTree = "<group>"; };
		33DB892D2E262E6800DC1C15 /* growAGardenTests.xctest */ = {isa = PBXFileReference; explicitFileType = wrapper.cfbundle; includeInIndex = 0; path = growAGardenTests.xctest; sourceTree = BUILT_PRODUCTS_DIR; };
		33DB89312E262E6800DC1C15 /* growAGardenTests.swift */ = {isa = PBXFileReference; lastKnownFileType = sourcecode.swift; path = growAGardenTests.swift; sourceTree = "<group>"; };
		33DB89372E262E6800DC1C15 /* growAGardenUITests.xctest */ = {isa = PBXFileReference; explicitFileType = wrapper.cfbundle; includeInIndex = 0; path = growAGardenUITests.xctest; sourceTree = BUILT_PRODUCTS_DIR; };
		33DB893B2E262E6800DC1C15 /* growAGardenUITests.swift */ = {isa = PBXFileReference; lastKnownFileType = sourcecode.swift; path = growAGardenUITests.swift; sourceTree = "<group>"; };
		33DB893D2E262E6800DC1C15 /* growAGardenUITestsLaunchTests.swift */ = {isa = PBXFileReference; lastKnownFileType = sourcecode.swift; path = growAGardenUITestsLaunchTests.swift; sourceTree = "<group>"; };
/* End PBXFileReference section */

/* Begin PBXFrameworksBuildPhase section */
		33DB89182E262E6400DC1C15 /* Frameworks */ = {
			isa = PBXFrameworksBuildPhase;
			buildActionMask = 2147483647;
			files = (
			);
			runOnlyForDeploymentPostprocessing = 0;
		};
		33DB892A2E262E6800DC1C15 /* Frameworks */ = {
			isa = PBXFrameworksBuildPhase;
			buildActionMask = 2147483647;
			files = (
			);
			runOnlyForDeploymentPostprocessing = 0;
		};
		33DB89342E262E6800DC1C15 /* Frameworks */ = {
			isa = PBXFrameworksBuildPhase;
			buildActionMask = 2147483647;
			files = (
			);
			runOnlyForDeploymentPostprocessing = 0;
		};
/* End PBXFrameworksBuildPhase section */

/* Begin PBXGroup section */
		33DB89122E262E6400DC1C15 = {
			isa = PBXGroup;
			children = (
				33DB891D2E262E6400DC1C15 /* growAGarden */,
				33DB89302E262E6800DC1C15 /* growAGardenTests */,
				33DB893A2E262E6800DC1C15 /* growAGardenUITests */,
				33DB891C2E262E6400DC1C15 /* Products */,
			);
			sourceTree = "<group>";
		};
		33DB891C2E262E6400DC1C15 /* Products */ = {
			isa = PBXGroup;
			children = (
				33DB891B2E262E6400DC1C15 /* growAGarden.app */,
				33DB892D2E262E6800DC1C15 /* growAGardenTests.xctest */,
				33DB89372E262E6800DC1C15 /* growAGardenUITests.xctest */,
			);
			name = Products;
			sourceTree = "<group>";
		};
		33DB891D2E262E6400DC1C15 /* growAGarden */ = {
			isa = PBXGroup;
			children = (
				33DB891E2E262E6400DC1C15 /* growAGardenApp.swift */,
				33DB89202E262E6400DC1C15 /* ContentView.swift */,
				33DB89222E262E6400DC1C15 /* Item.swift */,
				33DB89242E262E6800DC1C15 /* Assets.xcassets */,
				33DB89262E262E6800DC1C15 /* Preview Content */,
			);
			path = growAGarden;
			sourceTree = "<group>";
		};
		33DB89262E262E6800DC1C15 /* Preview Content */ = {
			isa = PBXGroup;
			children = (
				33DB89272E262E6800DC1C15 /* Preview Assets.xcassets */,
			);
			path = "Preview Content";
			sourceTree = "<group>";
		};
		33DB89302E262E6800DC1C15 /* growAGardenTests */ = {
			isa = PBXGroup;
			children = (
				33DB89312E262E6800DC1C15 /* growAGardenTests.swift */,
			);
			path = growAGardenTests;
			sourceTree = "<group>";
		};
		33DB893A2E262E6800DC1C15 /* growAGardenUITests */ = {
			isa = PBXGroup;
			children = (
				33DB893B2E262E6800DC1C15 /* growAGardenUITests.swift */,
				33DB893D2E262E6800DC1C15 /* growAGardenUITestsLaunchTests.swift */,
			);
			path = growAGardenUITests;
			sourceTree = "<group>";
		};
/* End PBXGroup section */

/* Begin PBXNativeTarget section */
		33DB891A2E262E6400DC1C15 /* growAGarden */ = {
			isa = PBXNativeTarget;
			buildConfigurationList = 33DB89412E262E6800DC1C15 /* Build configuration list for PBXNativeTarget "growAGarden" */;
			buildPhases = (
				33DB89172E262E6400DC1C15 /* Sources */,
				33DB89182E262E6400DC1C15 /* Frameworks */,
				33DB89192E262E6400DC1C15 /* Resources */,
			);
			buildRules = (
			);
			dependencies = (
			);
			name = growAGarden;
			productName = growAGarden;
			productReference = 33DB891B2E262E6400DC1C15 /* growAGarden.app */;
			productType = "com.apple.product-type.application";
		};
		33DB892C2E262E6800DC1C15 /* growAGardenTests */ = {
			isa = PBXNativeTarget;
			buildConfigurationList = 33DB89442E262E6800DC1C15 /* Build configuration list for PBXNativeTarget "growAGardenTests" */;
			buildPhases = (
				33DB89292E262E6800DC1C15 /* Sources */,
				33DB892A2E262E6800DC1C15 /* Frameworks */,
				33DB892B2E262E6800DC1C15 /* Resources */,
			);
			buildRules = (
			);
			dependencies = (
				33DB892F2E262E6800DC1C15 /* PBXTargetDependency */,
			);
			name = growAGardenTests;
			productName = growAGardenTests;
			productReference = 33DB892D2E262E6800DC1C15 /* growAGardenTests.xctest */;
			productType = "com.apple.product-type.bundle.unit-test";
		};
		33DB89362E262E6800DC1C15 /* growAGardenUITests */ = {
			isa = PBXNativeTarget;
			buildConfigurationList = 33DB89472E262E6800DC1C15 /* Build configuration list for PBXNativeTarget "growAGardenUITests" */;
			buildPhases = (
				33DB89332E262E6800DC1C15 /* Sources */,
				33DB89342E262E6800DC1C15 /* Frameworks */,
				33DB89352E262E6800DC1C15 /* Resources */,
			);
			buildRules = (
			);
			dependencies = (
				33DB89392E262E6800DC1C15 /* PBXTargetDependency */,
			);
			name = growAGardenUITests;
			productName = growAGardenUITests;
			productReference = 33DB89372E262E6800DC1C15 /* growAGardenUITests.xctest */;
			productType = "com.apple.product-type.bundle.ui-testing";
		};
/* End PBXNativeTarget section */

/* Begin PBXProject section */
		33DB89132E262E6400DC1C15 /* Project object */ = {
			isa = PBXProject;
			attributes = {
				BuildIndependentTargetsInParallel = 1;
				LastSwiftUpdateCheck = 1520;
				LastUpgradeCheck = 1520;
				TargetAttributes = {
					33DB891A2E262E6400DC1C15 = {
						CreatedOnToolsVersion = 15.2;
					};
					33DB892C2E262E6800DC1C15 = {
						CreatedOnToolsVersion = 15.2;
						TestTargetID = 33DB891A2E262E6400DC1C15;
					};
					33DB89362E262E6800DC1C15 = {
						CreatedOnToolsVersion = 15.2;
						TestTargetID = 33DB891A2E262E6400DC1C15;
					};
				};
			};
			buildConfigurationList = 33DB89162E262E6400DC1C15 /* Build configuration list for PBXProject "growAGarden" */;
			compatibilityVersion = "Xcode 14.0";
			developmentRegion = en;
			hasScannedForEncodings = 0;
			knownRegions = (
				en,
				Base,
			);
			mainGroup = 33DB89122E262E6400DC1C15;
			productRefGroup = 33DB891C2E262E6400DC1C15 /* Products */;
			projectDirPath = "";
			projectRoot = "";
			targets = (
				33DB891A2E262E6400DC1C15 /* growAGarden */,
				33DB892C2E262E6800DC1C15 /* growAGardenTests */,
				33DB89362E262E6800DC1C15 /* growAGardenUITests */,
			);
		};
/* End PBXProject section */

/* Begin PBXResourcesBuildPhase section */
		33DB89192E262E6400DC1C15 /* Resources */ = {
			isa = PBXResourcesBuildPhase;
			buildActionMask = 2147483647;
			files = (
				33DB89282E262E6800DC1C15 /* Preview Assets.xcassets in Resources */,
				33DB89252E262E6800DC1C15 /* Assets.xcassets in Resources */,
			);
			runOnlyForDeploymentPostprocessing = 0;
		};
		33DB892B2E262E6800DC1C15 /* Resources */ = {
			isa = PBXResourcesBuildPhase;
			buildActionMask = 2147483647;
			files = (
			);
			runOnlyForDeploymentPostprocessing = 0;
		};
		33DB89352E262E6800DC1C15 /* Resources */ = {
			isa = PBXResourcesBuildPhase;
			buildActionMask = 2147483647;
			files = (
			);
			runOnlyForDeploymentPostprocessing = 0;
		};
/* End PBXResourcesBuildPhase section */

/* Begin PBXSourcesBuildPhase section */
		33DB89172E262E6400DC1C15 /* Sources */ = {
			isa = PBXSourcesBuildPhase;
			buildActionMask = 2147483647;
			files = (
				33DB89212E262E6400DC1C15 /* ContentView.swift in Sources */,
				33DB89232E262E6400DC1C15 /* Item.swift in Sources */,
				33DB891F2E262E6400DC1C15 /* growAGardenApp.swift in Sources */,
			);
			runOnlyForDeploymentPostprocessing = 0;
		};
		33DB89292E262E6800DC1C15 /* Sources */ = {
			isa = PBXSourcesBuildPhase;
			buildActionMask = 2147483647;
			files = (
				33DB89322E262E6800DC1C15 /* growAGardenTests.swift in Sources */,
			);
			runOnlyForDeploymentPostprocessing = 0;
		};
		33DB89332E262E6800DC1C15 /* Sources */ = {
			isa = PBXSourcesBuildPhase;
			buildActionMask = 2147483647;
			files = (
				33DB893E2E262E6800DC1C15 /* growAGardenUITestsLaunchTests.swift in Sources */,
				33DB893C2E262E6800DC1C15 /* growAGardenUITests.swift in Sources */,
			);
			runOnlyForDeploymentPostprocessing = 0;
		};
/* End PBXSourcesBuildPhase section */

/* Begin PBXTargetDependency section */
		33DB892F2E262E6800DC1C15 /* PBXTargetDependency */ = {
			isa = PBXTargetDependency;
			target = 33DB891A2E262E6400DC1C15 /* growAGarden */;
			targetProxy = 33DB892E2E262E6800DC1C15 /* PBXContainerItemProxy */;
		};
		33DB89392E262E6800DC1C15 /* PBXTargetDependency */ = {
			isa = PBXTargetDependency;
			target = 33DB891A2E262E6400DC1C15 /* growAGarden */;
			targetProxy = 33DB89382E262E6800DC1C15 /* PBXContainerItemProxy */;
		};
/* End PBXTargetDependency section */

/* Begin XCBuildConfiguration section */
		33DB893F2E262E6800DC1C15 /* Debug */ = {
			isa = XCBuildConfiguration;
			buildSettings = {
				ALWAYS_SEARCH_USER_PATHS = NO;
				ASSETCATALOG_COMPILER_GENERATE_SWIFT_ASSET_SYMBOL_EXTENSIONS = YES;
				CLANG_ANALYZER_NONNULL = YES;
				CLANG_ANALYZER_NUMBER_OBJECT_CONVERSION = YES_AGGRESSIVE;
				CLANG_CXX_LANGUAGE_STANDARD = "gnu++20";
				CLANG_ENABLE_MODULES = YES;
				CLANG_ENABLE_OBJC_ARC = YES;
				CLANG_ENABLE_OBJC_WEAK = YES;
				CLANG_WARN_BLOCK_CAPTURE_AUTORELEASING = YES;
				CLANG_WARN_BOOL_CONVERSION = YES;
				CLANG_WARN_COMMA = YES;
				CLANG_WARN_CONSTANT_CONVERSION = YES;
				CLANG_WARN_DEPRECATED_OBJC_IMPLEMENTATIONS = YES;
				CLANG_WARN_DIRECT_OBJC_ISA_USAGE = YES_ERROR;
				CLANG_WARN_DOCUMENTATION_COMMENTS = YES;
				CLANG_WARN_EMPTY_BODY = YES;
				CLANG_WARN_ENUM_CONVERSION = YES;
				CLANG_WARN_INFINITE_RECURSION = YES;
				CLANG_WARN_INT_CONVERSION = YES;
				CLANG_WARN_NON_LITERAL_NULL_CONVERSION = YES;
				CLANG_WARN_OBJC_IMPLICIT_RETAIN_SELF = YES;
				CLANG_WARN_OBJC_LITERAL_CONVERSION = YES;
				CLANG_WARN_OBJC_ROOT_CLASS = YES_ERROR;
				CLANG_WARN_QUOTED_INCLUDE_IN_FRAMEWORK_HEADER = YES;
				CLANG_WARN_RANGE_LOOP_ANALYSIS = YES;
				CLANG_WARN_STRICT_PROTOTYPES = YES;
				CLANG_WARN_SUSPICIOUS_MOVE = YES;
				CLANG_WARN_UNGUARDED_AVAILABILITY = YES_AGGRESSIVE;
				CLANG_WARN_UNREACHABLE_CODE = YES;
				CLANG_WARN__DUPLICATE_METHOD_MATCH = YES;
				COPY_PHASE_STRIP = NO;
				DEBUG_INFORMATION_FORMAT = dwarf;
				ENABLE_STRICT_OBJC_MSGSEND = YES;
				ENABLE_TESTABILITY = YES;
				ENABLE_USER_SCRIPT_SANDBOXING = YES;
				GCC_C_LANGUAGE_STANDARD = gnu17;
				GCC_DYNAMIC_NO_PIC = NO;
				GCC_NO_COMMON_BLOCKS = YES;
				GCC_OPTIMIZATION_LEVEL = 0;
				GCC_PREPROCESSOR_DEFINITIONS = (
					"DEBUG=1",
					"$(inherited)",
				);
				GCC_WARN_64_TO_32_BIT_CONVERSION = YES;
				GCC_WARN_ABOUT_RETURN_TYPE = YES_ERROR;
				GCC_WARN_UNDECLARED_SELECTOR = YES;
				GCC_WARN_UNINITIALIZED_AUTOS = YES_AGGRESSIVE;
				GCC_WARN_UNUSED_FUNCTION = YES;
				GCC_WARN_UNUSED_VARIABLE = YES;
				IPHONEOS_DEPLOYMENT_TARGET = 17.2;
				LOCALIZATION_PREFERS_STRING_CATALOGS = YES;
				MTL_ENABLE_DEBUG_INFO = INCLUDE_SOURCE;
				MTL_FAST_MATH = YES;
				ONLY_ACTIVE_ARCH = YES;
				SDKROOT = iphoneos;
				SWIFT_ACTIVE_COMPILATION_CONDITIONS = "DEBUG $(inherited)";
				SWIFT_OPTIMIZATION_LEVEL = "-Onone";
			};
			name = Debug;
		};
		33DB89402E262E6800DC1C15 /* Release */ = {
			isa = XCBuildConfiguration;
			buildSettings = {
				ALWAYS_SEARCH_USER_PATHS = NO;
				ASSETCATALOG_COMPILER_GENERATE_SWIFT_ASSET_SYMBOL_EXTENSIONS = YES;
				CLANG_ANALYZER_NONNULL = YES;
				CLANG_ANALYZER_NUMBER_OBJECT_CONVERSION = YES_AGGRESSIVE;
				CLANG_CXX_LANGUAGE_STANDARD = "gnu++20";
				CLANG_ENABLE_MODULES = YES;
				CLANG_ENABLE_OBJC_ARC = YES;
				CLANG_ENABLE_OBJC_WEAK = YES;
				CLANG_WARN_BLOCK_CAPTURE_AUTORELEASING = YES;
				CLANG_WARN_BOOL_CONVERSION = YES;
				CLANG_WARN_COMMA = YES;
				CLANG_WARN_CONSTANT_CONVERSION = YES;
				CLANG_WARN_DEPRECATED_OBJC_IMPLEMENTATIONS = YES;
				CLANG_WARN_DIRECT_OBJC_ISA_USAGE = YES_ERROR;
				CLANG_WARN_DOCUMENTATION_COMMENTS = YES;
				CLANG_WARN_EMPTY_BODY = YES;
				CLANG_WARN_ENUM_CONVERSION = YES;
				CLANG_WARN_INFINITE_RECURSION = YES;
				CLANG_WARN_INT_CONVERSION = YES;
				CLANG_WARN_NON_LITERAL_NULL_CONVERSION = YES;
				CLANG_WARN_OBJC_IMPLICIT_RETAIN_SELF = YES;
				CLANG_WARN_OBJC_LITERAL_CONVERSION = YES;
				CLANG_WARN_OBJC_ROOT_CLASS = YES_ERROR;
				CLANG_WARN_QUOTED_INCLUDE_IN_FRAMEWORK_HEADER = YES;
				CLANG_WARN_RANGE_LOOP_ANALYSIS = YES;
				CLANG_WARN_STRICT_PROTOTYPES = YES;
				CLANG_WARN_SUSPICIOUS_MOVE = YES;
				CLANG_WARN_UNGUARDED_AVAILABILITY = YES_AGGRESSIVE;
				CLANG_WARN_UNREACHABLE_CODE = YES;
				CLANG_WARN__DUPLICATE_METHOD_MATCH = YES;
				COPY_PHASE_STRIP = NO;
				DEBUG_INFORMATION_FORMAT = "dwarf-with-dsym";
				ENABLE_NS_ASSERTIONS = NO;
				ENABLE_STRICT_OBJC_MSGSEND = YES;
				ENABLE_USER_SCRIPT_SANDBOXING = YES;
				GCC_C_LANGUAGE_STANDARD = gnu17;
				GCC_NO_COMMON_BLOCKS = YES;
				GCC_WARN_64_TO_32_BIT_CONVERSION = YES;
				GCC_WARN_ABOUT_RETURN_TYPE = YES_ERROR;
				GCC_WARN_UNDECLARED_SELECTOR = YES;
				GCC_WARN_UNINITIALIZED_AUTOS = YES_AGGRESSIVE;
				GCC_WARN_UNUSED_FUNCTION = YES;
				GCC_WARN_UNUSED_VARIABLE = YES;
				IPHONEOS_DEPLOYMENT_TARGET = 17.2;
				LOCALIZATION_PREFERS_STRING_CATALOGS = YES;
				MTL_ENABLE_DEBUG_INFO = NO;
				MTL_FAST_MATH = YES;
				SDKROOT = iphoneos;
				SWIFT_COMPILATION_MODE = wholemodule;
				VALIDATE_PRODUCT = YES;
			};
			name = Release;
		};
		33DB89422E262E6800DC1C15 /* Debug */ = {
			isa = XCBuildConfiguration;
			buildSettings = {
				ASSETCATALOG_COMPILER_APPICON_NAME = AppIcon;
				ASSETCATALOG_COMPILER_GLOBAL_ACCENT_COLOR_NAME = AccentColor;
				CODE_SIGN_STYLE = Automatic;
				CURRENT_PROJECT_VERSION = 1;
				DEVELOPMENT_ASSET_PATHS = "\"growAGarden/Preview Content\"";
				ENABLE_PREVIEWS = YES;
				GENERATE_INFOPLIST_FILE = YES;
				INFOPLIST_KEY_UIApplicationSceneManifest_Generation = YES;
				INFOPLIST_KEY_UIApplicationSupportsIndirectInputEvents = YES;
				INFOPLIST_KEY_UILaunchScreen_Generation = YES;
				INFOPLIST_KEY_UISupportedInterfaceOrientations_iPad = "UIInterfaceOrientationPortrait UIInterfaceOrientationPortraitUpsideDown UIInterfaceOrientationLandscapeLeft UIInterfaceOrientationLandscapeRight";
				INFOPLIST_KEY_UISupportedInterfaceOrientations_iPhone = "UIInterfaceOrientationPortrait UIInterfaceOrientationLandscapeLeft UIInterfaceOrientationLandscapeRight";
				LD_RUNPATH_SEARCH_PATHS = (
					"$(inherited)",
					"@executable_path/Frameworks",
				);
				MARKETING_VERSION = 1.0;
				PRODUCT_BUNDLE_IDENTIFIER = app.Hayakawa.Tomo.growAGarden;
				PRODUCT_NAME = "$(TARGET_NAME)";
				SWIFT_EMIT_LOC_STRINGS = YES;
				SWIFT_VERSION = 5.0;
				TARGETED_DEVICE_FAMILY = "1,2";
			};
			name = Debug;
		};
		33DB89432E262E6800DC1C15 /* Release */ = {
			isa = XCBuildConfiguration;
			buildSettings = {
				ASSETCATALOG_COMPILER_APPICON_NAME = AppIcon;
				ASSETCATALOG_COMPILER_GLOBAL_ACCENT_COLOR_NAME = AccentColor;
				CODE_SIGN_STYLE = Automatic;
				CURRENT_PROJECT_VERSION = 1;
				DEVELOPMENT_ASSET_PATHS = "\"growAGarden/Preview Content\"";
				ENABLE_PREVIEWS = YES;
				GENERATE_INFOPLIST_FILE = YES;
				INFOPLIST_KEY_UIApplicationSceneManifest_Generation = YES;
				INFOPLIST_KEY_UIApplicationSupportsIndirectInputEvents = YES;
				INFOPLIST_KEY_UILaunchScreen_Generation = YES;
				INFOPLIST_KEY_UISupportedInterfaceOrientations_iPad = "UIInterfaceOrientationPortrait UIInterfaceOrientationPortraitUpsideDown UIInterfaceOrientationLandscapeLeft UIInterfaceOrientationLandscapeRight";
				INFOPLIST_KEY_UISupportedInterfaceOrientations_iPhone = "UIInterfaceOrientationPortrait UIInterfaceOrientationLandscapeLeft UIInterfaceOrientationLandscapeRight";
				LD_RUNPATH_SEARCH_PATHS = (
					"$(inherited)",
					"@executable_path/Frameworks",
				);
				MARKETING_VERSION = 1.0;
				PRODUCT_BUNDLE_IDENTIFIER = app.Hayakawa.Tomo.growAGarden;
				PRODUCT_NAME = "$(TARGET_NAME)";
				SWIFT_EMIT_LOC_STRINGS = YES;
				SWIFT_VERSION = 5.0;
				TARGETED_DEVICE_FAMILY = "1,2";
			};
			name = Release;
		};
		33DB89452E262E6800DC1C15 /* Debug */ = {
			isa = XCBuildConfiguration;
			buildSettings = {
				ALWAYS_EMBED_SWIFT_STANDARD_LIBRARIES = YES;
				BUNDLE_LOADER = "$(TEST_HOST)";
				CODE_SIGN_STYLE = Automatic;
				CURRENT_PROJECT_VERSION = 1;
				GENERATE_INFOPLIST_FILE = YES;
				IPHONEOS_DEPLOYMENT_TARGET = 17.2;
				MARKETING_VERSION = 1.0;
				PRODUCT_BUNDLE_IDENTIFIER = app.Hayakawa.Tomo.growAGardenTests;
				PRODUCT_NAME = "$(TARGET_NAME)";
				SWIFT_EMIT_LOC_STRINGS = NO;
				SWIFT_VERSION = 5.0;
				TARGETED_DEVICE_FAMILY = "1,2";
				TEST_HOST = "$(BUILT_PRODUCTS_DIR)/growAGarden.app/$(BUNDLE_EXECUTABLE_FOLDER_PATH)/growAGarden";
			};
			name = Debug;
		};
		33DB89462E262E6800DC1C15 /* Release */ = {
			isa = XCBuildConfiguration;
			buildSettings = {
				ALWAYS_EMBED_SWIFT_STANDARD_LIBRARIES = YES;
				BUNDLE_LOADER = "$(TEST_HOST)";
				CODE_SIGN_STYLE = Automatic;
				CURRENT_PROJECT_VERSION = 1;
				GENERATE_INFOPLIST_FILE = YES;
				IPHONEOS_DEPLOYMENT_TARGET = 17.2;
				MARKETING_VERSION = 1.0;
				PRODUCT_BUNDLE_IDENTIFIER = app.Hayakawa.Tomo.growAGardenTests;
				PRODUCT_NAME = "$(TARGET_NAME)";
				SWIFT_EMIT_LOC_STRINGS = NO;
				SWIFT_VERSION = 5.0;
				TARGETED_DEVICE_FAMILY = "1,2";
				TEST_HOST = "$(BUILT_PRODUCTS_DIR)/growAGarden.app/$(BUNDLE_EXECUTABLE_FOLDER_PATH)/growAGarden";
			};
			name = Release;
		};
		33DB89482E262E6800DC1C15 /* Debug */ = {
			isa = XCBuildConfiguration;
			buildSettings = {
				ALWAYS_EMBED_SWIFT_STANDARD_LIBRARIES = YES;
				CODE_SIGN_STYLE = Automatic;
				CURRENT_PROJECT_VERSION = 1;
				GENERATE_INFOPLIST_FILE = YES;
				MARKETING_VERSION = 1.0;
				PRODUCT_BUNDLE_IDENTIFIER = app.Hayakawa.Tomo.growAGardenUITests;
				PRODUCT_NAME = "$(TARGET_NAME)";
				SWIFT_EMIT_LOC_STRINGS = NO;
				SWIFT_VERSION = 5.0;
				TARGETED_DEVICE_FAMILY = "1,2";
				TEST_TARGET_NAME = growAGarden;
			};
			name = Debug;
		};
		33DB89492E262E6800DC1C15 /* Release */ = {
			isa = XCBuildConfiguration;
			buildSettings = {
				ALWAYS_EMBED_SWIFT_STANDARD_LIBRARIES = YES;
				CODE_SIGN_STYLE = Automatic;
				CURRENT_PROJECT_VERSION = 1;
				GENERATE_INFOPLIST_FILE = YES;
				MARKETING_VERSION = 1.0;
				PRODUCT_BUNDLE_IDENTIFIER = app.Hayakawa.Tomo.growAGardenUITests;
				PRODUCT_NAME = "$(TARGET_NAME)";
				SWIFT_EMIT_LOC_STRINGS = NO;
				SWIFT_VERSION = 5.0;
				TARGETED_DEVICE_FAMILY = "1,2";
				TEST_TARGET_NAME = growAGarden;
			};
			name = Release;
		};
/* End XCBuildConfiguration section */

/* Begin XCConfigurationList section */
		33DB89162E262E6400DC1C15 /* Build configuration list for PBXProject "growAGarden" */ = {
			isa = XCConfigurationList;
			buildConfigurations = (
				33DB893F2E262E6800DC1C15 /* Debug */,
				33DB89402E262E6800DC1C15 /* Release */,
			);
			defaultConfigurationIsVisible = 0;
			defaultConfigurationName = Release;
		};
		33DB89412E262E6800DC1C15 /* Build configuration list for PBXNativeTarget "growAGarden" */ = {
			isa = XCConfigurationList;
			buildConfigurations = (
				33DB89422E262E6800DC1C15 /* Debug */,
				33DB89432E262E6800DC1C15 /* Release */,
			);
			defaultConfigurationIsVisible = 0;
			defaultConfigurationName = Release;
		};
		33DB89442E262E6800DC1C15 /* Build configuration list for PBXNativeTarget "growAGardenTests" */ = {
			isa = XCConfigurationList;
			buildConfigurations = (
				33DB89452E262E6800DC1C15 /* Debug */,
				33DB89462E262E6800DC1C15 /* Release */,
			);
			defaultConfigurationIsVisible = 0;
			defaultConfigurationName = Release;
		};
		33DB89472E262E6800DC1C15 /* Build configuration list for PBXNativeTarget "growAGardenUITests" */ = {
			isa = XCConfigurationList;
			buildConfigurations = (
				33DB89482E262E6800DC1C15 /* Debug */,
				33DB89492E262E6800DC1C15 /* Release */,
			);
			defaultConfigurationIsVisible = 0;
			defaultConfigurationName = Release;
		};
/* End XCConfigurationList section */
	};
	rootObject = 33DB89132E262E6400DC1C15 /* Project object */;
}
